// !$*UTF8*$!
{
	archiveVersion = 1;
	classes = {
	};
	objectVersion = 55;
	objects = {

/* Begin PBXBuildFile section */
		66302A282766D898003FC4A2 /* AppDelegate.swift in Sources */ = {isa = PBXBuildFile; fileRef = 66302A272766D898003FC4A2 /* AppDelegate.swift */; };
		66302A2A2766D898003FC4A2 /* ContentView.swift in Sources */ = {isa = PBXBuildFile; fileRef = 66302A292766D898003FC4A2 /* ContentView.swift */; };
		66302A2C2766D898003FC4A2 /* Experience.rcproject in Sources */ = {isa = PBXBuildFile; fileRef = 66302A2B2766D898003FC4A2 /* Experience.rcproject */; };
		66302A2E2766D899003FC4A2 /* Assets.xcassets in Resources */ = {isa = PBXBuildFile; fileRef = 66302A2D2766D899003FC4A2 /* Assets.xcassets */; };
		66302A312766D899003FC4A2 /* Preview Assets.xcassets in Resources */ = {isa = PBXBuildFile; fileRef = 66302A302766D899003FC4A2 /* Preview Assets.xcassets */; };
		66302A3B2766D899003FC4A2 /* Sharav_Design_AppTests.swift in Sources */ = {isa = PBXBuildFile; fileRef = 66302A3A2766D899003FC4A2 /* Sharav_Design_AppTests.swift */; };
		66302A452766D899003FC4A2 /* Sharav_Design_AppUITests.swift in Sources */ = {isa = PBXBuildFile; fileRef = 66302A442766D899003FC4A2 /* Sharav_Design_AppUITests.swift */; };
		66302A472766D899003FC4A2 /* Sharav_Design_AppUITestsLaunchTests.swift in Sources */ = {isa = PBXBuildFile; fileRef = 66302A462766D899003FC4A2 /* Sharav_Design_AppUITestsLaunchTests.swift */; };
/* End PBXBuildFile section */

/* Begin PBXContainerItemProxy section */
		66302A372766D899003FC4A2 /* PBXContainerItemProxy */ = {
			isa = PBXContainerItemProxy;
			containerPortal = 66302A1C2766D898003FC4A2 /* Project object */;
			proxyType = 1;
			remoteGlobalIDString = 66302A232766D898003FC4A2;
			remoteInfo = "Sharav Design App";
		};
		66302A412766D899003FC4A2 /* PBXContainerItemProxy */ = {
			isa = PBXContainerItemProxy;
			containerPortal = 66302A1C2766D898003FC4A2 /* Project object */;
			proxyType = 1;
			remoteGlobalIDString = 66302A232766D898003FC4A2;
			remoteInfo = "Sharav Design App";
		};
/* End PBXContainerItemProxy section */

/* Begin PBXFileReference section */
		66302A242766D898003FC4A2 /* Sharav Design App.app */ = {isa = PBXFileReference; explicitFileType = wrapper.application; includeInIndex = 0; path = "Sharav Design App.app"; sourceTree = BUILT_PRODUCTS_DIR; };
		66302A272766D898003FC4A2 /* AppDelegate.swift */ = {isa = PBXFileReference; lastKnownFileType = sourcecode.swift; path = AppDelegate.swift; sourceTree = "<group>"; };
		66302A292766D898003FC4A2 /* ContentView.swift */ = {isa = PBXFileReference; lastKnownFileType = sourcecode.swift; path = ContentView.swift; sourceTree = "<group>"; };
		66302A2B2766D898003FC4A2 /* Experience.rcproject */ = {isa = PBXFileReference; lastKnownFileType = file.rcproject; path = Experience.rcproject; sourceTree = "<group>"; };
		66302A2D2766D899003FC4A2 /* Assets.xcassets */ = {isa = PBXFileReference; lastKnownFileType = folder.assetcatalog; path = Assets.xcassets; sourceTree = "<group>"; };
		66302A302766D899003FC4A2 /* Preview Assets.xcassets */ = {isa = PBXFileReference; lastKnownFileType = folder.assetcatalog; path = "Preview Assets.xcassets"; sourceTree = "<group>"; };
		66302A362766D899003FC4A2 /* Sharav Design AppTests.xctest */ = {isa = PBXFileReference; explicitFileType = wrapper.cfbundle; includeInIndex = 0; path = "Sharav Design AppTests.xctest"; sourceTree = BUILT_PRODUCTS_DIR; };
		66302A3A2766D899003FC4A2 /* Sharav_Design_AppTests.swift */ = {isa = PBXFileReference; lastKnownFileType = sourcecode.swift; path = Sharav_Design_AppTests.swift; sourceTree = "<group>"; };
		66302A402766D899003FC4A2 /* Sharav Design AppUITests.xctest */ = {isa = PBXFileReference; explicitFileType = wrapper.cfbundle; includeInIndex = 0; path = "Sharav Design AppUITests.xctest"; sourceTree = BUILT_PRODUCTS_DIR; };
		66302A442766D899003FC4A2 /* Sharav_Design_AppUITests.swift */ = {isa = PBXFileReference; lastKnownFileType = sourcecode.swift; path = Sharav_Design_AppUITests.swift; sourceTree = "<group>"; };
		66302A462766D899003FC4A2 /* Sharav_Design_AppUITestsLaunchTests.swift */ = {isa = PBXFileReference; lastKnownFileType = sourcecode.swift; path = Sharav_Design_AppUITestsLaunchTests.swift; sourceTree = "<group>"; };
/* End PBXFileReference section */

/* Begin PBXFrameworksBuildPhase section */
		66302A212766D898003FC4A2 /* Frameworks */ = {
			isa = PBXFrameworksBuildPhase;
			buildActionMask = 2147483647;
			files = (
			);
			runOnlyForDeploymentPostprocessing = 0;
		};
		66302A332766D899003FC4A2 /* Frameworks */ = {
			isa = PBXFrameworksBuildPhase;
			buildActionMask = 2147483647;
			files = (
			);
			runOnlyForDeploymentPostprocessing = 0;
		};
		66302A3D2766D899003FC4A2 /* Frameworks */ = {
			isa = PBXFrameworksBuildPhase;
			buildActionMask = 2147483647;
			files = (
			);
			runOnlyForDeploymentPostprocessing = 0;
		};
/* End PBXFrameworksBuildPhase section */

/* Begin PBXGroup section */
		66302A1B2766D898003FC4A2 = {
			isa = PBXGroup;
			children = (
				66302A262766D898003FC4A2 /* Sharav Design App */,
				66302A392766D899003FC4A2 /* Sharav Design AppTests */,
				66302A432766D899003FC4A2 /* Sharav Design AppUITests */,
				66302A252766D898003FC4A2 /* Products */,
			);
			sourceTree = "<group>";
		};
		66302A252766D898003FC4A2 /* Products */ = {
			isa = PBXGroup;
			children = (
				66302A242766D898003FC4A2 /* Sharav Design App.app */,
				66302A362766D899003FC4A2 /* Sharav Design AppTests.xctest */,
				66302A402766D899003FC4A2 /* Sharav Design AppUITests.xctest */,
			);
			name = Products;
			sourceTree = "<group>";
		};
		66302A262766D898003FC4A2 /* Sharav Design App */ = {
			isa = PBXGroup;
			children = (
				66302A272766D898003FC4A2 /* AppDelegate.swift */,
				66302A292766D898003FC4A2 /* ContentView.swift */,
				66302A2B2766D898003FC4A2 /* Experience.rcproject */,
				66302A2D2766D899003FC4A2 /* Assets.xcassets */,
				66302A2F2766D899003FC4A2 /* Preview Content */,
			);
			path = "Sharav Design App";
			sourceTree = "<group>";
		};
		66302A2F2766D899003FC4A2 /* Preview Content */ = {
			isa = PBXGroup;
			children = (
				66302A302766D899003FC4A2 /* Preview Assets.xcassets */,
			);
			path = "Preview Content";
			sourceTree = "<group>";
		};
		66302A392766D899003FC4A2 /* Sharav Design AppTests */ = {
			isa = PBXGroup;
			children = (
				66302A3A2766D899003FC4A2 /* Sharav_Design_AppTests.swift */,
			);
			path = "Sharav Design AppTests";
			sourceTree = "<group>";
		};
		66302A432766D899003FC4A2 /* Sharav Design AppUITests */ = {
			isa = PBXGroup;
			children = (
				66302A442766D899003FC4A2 /* Sharav_Design_AppUITests.swift */,
				66302A462766D899003FC4A2 /* Sharav_Design_AppUITestsLaunchTests.swift */,
			);
			path = "Sharav Design AppUITests";
			sourceTree = "<group>";
		};
/* End PBXGroup section */

/* Begin PBXNativeTarget section */
		66302A232766D898003FC4A2 /* Sharav Design App */ = {
			isa = PBXNativeTarget;
			buildConfigurationList = 66302A4A2766D899003FC4A2 /* Build configuration list for PBXNativeTarget "Sharav Design App" */;
			buildPhases = (
				66302A202766D898003FC4A2 /* Sources */,
				66302A212766D898003FC4A2 /* Frameworks */,
				66302A222766D898003FC4A2 /* Resources */,
			);
			buildRules = (
			);
			dependencies = (
			);
			name = "Sharav Design App";
			productName = "Sharav Design App";
			productReference = 66302A242766D898003FC4A2 /* Sharav Design App.app */;
			productType = "com.apple.product-type.application";
		};
		66302A352766D899003FC4A2 /* Sharav Design AppTests */ = {
			isa = PBXNativeTarget;
			buildConfigurationList = 66302A4D2766D899003FC4A2 /* Build configuration list for PBXNativeTarget "Sharav Design AppTests" */;
			buildPhases = (
				66302A322766D899003FC4A2 /* Sources */,
				66302A332766D899003FC4A2 /* Frameworks */,
				66302A342766D899003FC4A2 /* Resources */,
			);
			buildRules = (
			);
			dependencies = (
				66302A382766D899003FC4A2 /* PBXTargetDependency */,
			);
			name = "Sharav Design AppTests";
			productName = "Sharav Design AppTests";
			productReference = 66302A362766D899003FC4A2 /* Sharav Design AppTests.xctest */;
			productType = "com.apple.product-type.bundle.unit-test";
		};
		66302A3F2766D899003FC4A2 /* Sharav Design AppUITests */ = {
			isa = PBXNativeTarget;
			buildConfigurationList = 66302A502766D899003FC4A2 /* Build configuration list for PBXNativeTarget "Sharav Design AppUITests" */;
			buildPhases = (
				66302A3C2766D899003FC4A2 /* Sources */,
				66302A3D2766D899003FC4A2 /* Frameworks */,
				66302A3E2766D899003FC4A2 /* Resources */,
			);
			buildRules = (
			);
			dependencies = (
				66302A422766D899003FC4A2 /* PBXTargetDependency */,
			);
			name = "Sharav Design AppUITests";
			productName = "Sharav Design AppUITests";
			productReference = 66302A402766D899003FC4A2 /* Sharav Design AppUITests.xctest */;
			productType = "com.apple.product-type.bundle.ui-testing";
		};
/* End PBXNativeTarget section */

/* Begin PBXProject section */
		66302A1C2766D898003FC4A2 /* Project object */ = {
			isa = PBXProject;
			attributes = {
				BuildIndependentTargetsInParallel = 1;
				LastSwiftUpdateCheck = 1310;
				LastUpgradeCheck = 1310;
				TargetAttributes = {
					66302A232766D898003FC4A2 = {
						CreatedOnToolsVersion = 13.1;
					};
					66302A352766D899003FC4A2 = {
						CreatedOnToolsVersion = 13.1;
						TestTargetID = 66302A232766D898003FC4A2;
					};
					66302A3F2766D899003FC4A2 = {
						CreatedOnToolsVersion = 13.1;
						TestTargetID = 66302A232766D898003FC4A2;
					};
				};
			};
			buildConfigurationList = 66302A1F2766D898003FC4A2 /* Build configuration list for PBXProject "Sharav Design App" */;
			compatibilityVersion = "Xcode 13.0";
			developmentRegion = en;
			hasScannedForEncodings = 0;
			knownRegions = (
				en,
				Base,
			);
			mainGroup = 66302A1B2766D898003FC4A2;
			productRefGroup = 66302A252766D898003FC4A2 /* Products */;
			projectDirPath = "";
			projectRoot = "";
			targets = (
				66302A232766D898003FC4A2 /* Sharav Design App */,
				66302A352766D899003FC4A2 /* Sharav Design AppTests */,
				66302A3F2766D899003FC4A2 /* Sharav Design AppUITests */,
			);
		};
/* End PBXProject section */

/* Begin PBXResourcesBuildPhase section */
		66302A222766D898003FC4A2 /* Resources */ = {
			isa = PBXResourcesBuildPhase;
			buildActionMask = 2147483647;
			files = (
				66302A312766D899003FC4A2 /* Preview Assets.xcassets in Resources */,
				66302A2E2766D899003FC4A2 /* Assets.xcassets in Resources */,
			);
			runOnlyForDeploymentPostprocessing = 0;
		};
		66302A342766D899003FC4A2 /* Resources */ = {
			isa = PBXResourcesBuildPhase;
			buildActionMask = 2147483647;
			files = (
			);
			runOnlyForDeploymentPostprocessing = 0;
		};
		66302A3E2766D899003FC4A2 /* Resources */ = {
			isa = PBXResourcesBuildPhase;
			buildActionMask = 2147483647;
			files = (
			);
			runOnlyForDeploymentPostprocessing = 0;
		};
/* End PBXResourcesBuildPhase section */

/* Begin PBXSourcesBuildPhase section */
		66302A202766D898003FC4A2 /* Sources */ = {
			isa = PBXSourcesBuildPhase;
			buildActionMask = 2147483647;
			files = (
				66302A2A2766D898003FC4A2 /* ContentView.swift in Sources */,
				66302A282766D898003FC4A2 /* AppDelegate.swift in Sources */,
				66302A2C2766D898003FC4A2 /* Experience.rcproject in Sources */,
			);
			runOnlyForDeploymentPostprocessing = 0;
		};
		66302A322766D899003FC4A2 /* Sources */ = {
			isa = PBXSourcesBuildPhase;
			buildActionMask = 2147483647;
			files = (
				66302A3B2766D899003FC4A2 /* Sharav_Design_AppTests.swift in Sources */,
			);
			runOnlyForDeploymentPostprocessing = 0;
		};
		66302A3C2766D899003FC4A2 /* Sources */ = {
			isa = PBXSourcesBuildPhase;
			buildActionMask = 2147483647;
			files = (
				66302A452766D899003FC4A2 /* Sharav_Design_AppUITests.swift in Sources */,
				66302A472766D899003FC4A2 /* Sharav_Design_AppUITestsLaunchTests.swift in Sources */,
			);
			runOnlyForDeploymentPostprocessing = 0;
		};
/* End PBXSourcesBuildPhase section */

/* Begin PBXTargetDependency section */
		66302A382766D899003FC4A2 /* PBXTargetDependency */ = {
			isa = PBXTargetDependency;
			target = 66302A232766D898003FC4A2 /* Sharav Design App */;
			targetProxy = 66302A372766D899003FC4A2 /* PBXContainerItemProxy */;
		};
		66302A422766D899003FC4A2 /* PBXTargetDependency */ = {
			isa = PBXTargetDependency;
			target = 66302A232766D898003FC4A2 /* Sharav Design App */;
			targetProxy = 66302A412766D899003FC4A2 /* PBXContainerItemProxy */;
		};
/* End PBXTargetDependency section */

/* Begin XCBuildConfiguration section */
		66302A482766D899003FC4A2 /* Debug */ = {
			isa = XCBuildConfiguration;
			buildSettings = {
				ALWAYS_SEARCH_USER_PATHS = NO;
				CLANG_ANALYZER_NONNULL = YES;
				CLANG_ANALYZER_NUMBER_OBJECT_CONVERSION = YES_AGGRESSIVE;
				CLANG_CXX_LANGUAGE_STANDARD = "gnu++17";
				CLANG_CXX_LIBRARY = "libc++";
				CLANG_ENABLE_MODULES = YES;
				CLANG_ENABLE_OBJC_ARC = YES;
				CLANG_ENABLE_OBJC_WEAK = YES;
				CLANG_WARN_BLOCK_CAPTURE_AUTORELEASING = YES;
				CLANG_WARN_BOOL_CONVERSION = YES;
				CLANG_WARN_COMMA = YES;
				CLANG_WARN_CONSTANT_CONVERSION = YES;
				CLANG_WARN_DEPRECATED_OBJC_IMPLEMENTATIONS = YES;
				CLANG_WARN_DIRECT_OBJC_ISA_USAGE = YES_ERROR;
				CLANG_WARN_DOCUMENTATION_COMMENTS = YES;
				CLANG_WARN_EMPTY_BODY = YES;
				CLANG_WARN_ENUM_CONVERSION = YES;
				CLANG_WARN_INFINITE_RECURSION = YES;
				CLANG_WARN_INT_CONVERSION = YES;
				CLANG_WARN_NON_LITERAL_NULL_CONVERSION = YES;
				CLANG_WARN_OBJC_IMPLICIT_RETAIN_SELF = YES;
				CLANG_WARN_OBJC_LITERAL_CONVERSION = YES;
				CLANG_WARN_OBJC_ROOT_CLASS = YES_ERROR;
				CLANG_WARN_QUOTED_INCLUDE_IN_FRAMEWORK_HEADER = YES;
				CLANG_WARN_RANGE_LOOP_ANALYSIS = YES;
				CLANG_WARN_STRICT_PROTOTYPES = YES;
				CLANG_WARN_SUSPICIOUS_MOVE = YES;
				CLANG_WARN_UNGUARDED_AVAILABILITY = YES_AGGRESSIVE;
				CLANG_WARN_UNREACHABLE_CODE = YES;
				CLANG_WARN__DUPLICATE_METHOD_MATCH = YES;
				COPY_PHASE_STRIP = NO;
				DEBUG_INFORMATION_FORMAT = dwarf;
				ENABLE_STRICT_OBJC_MSGSEND = YES;
				ENABLE_TESTABILITY = YES;
				GCC_C_LANGUAGE_STANDARD = gnu11;
				GCC_DYNAMIC_NO_PIC = NO;
				GCC_NO_COMMON_BLOCKS = YES;
				GCC_OPTIMIZATION_LEVEL = 0;
				GCC_PREPROCESSOR_DEFINITIONS = (
					"DEBUG=1",
					"$(inherited)",
				);
				GCC_WARN_64_TO_32_BIT_CONVERSION = YES;
				GCC_WARN_ABOUT_RETURN_TYPE = YES_ERROR;
				GCC_WARN_UNDECLARED_SELECTOR = YES;
				GCC_WARN_UNINITIALIZED_AUTOS = YES_AGGRESSIVE;
				GCC_WARN_UNUSED_FUNCTION = YES;
				GCC_WARN_UNUSED_VARIABLE = YES;
				IPHONEOS_DEPLOYMENT_TARGET = 15.0;
				MTL_ENABLE_DEBUG_INFO = INCLUDE_SOURCE;
				MTL_FAST_MATH = YES;
				ONLY_ACTIVE_ARCH = YES;
				SDKROOT = iphoneos;
				SWIFT_ACTIVE_COMPILATION_CONDITIONS = DEBUG;
				SWIFT_OPTIMIZATION_LEVEL = "-Onone";
			};
			name = Debug;
		};
		66302A492766D899003FC4A2 /* Release */ = {
			isa = XCBuildConfiguration;
			buildSettings = {
				ALWAYS_SEARCH_USER_PATHS = NO;
				CLANG_ANALYZER_NONNULL = YES;
				CLANG_ANALYZER_NUMBER_OBJECT_CONVERSION = YES_AGGRESSIVE;
				CLANG_CXX_LANGUAGE_STANDARD = "gnu++17";
				CLANG_CXX_LIBRARY = "libc++";
				CLANG_ENABLE_MODULES = YES;
				CLANG_ENABLE_OBJC_ARC = YES;
				CLANG_ENABLE_OBJC_WEAK = YES;
				CLANG_WARN_BLOCK_CAPTURE_AUTORELEASING = YES;
				CLANG_WARN_BOOL_CONVERSION = YES;
				CLANG_WARN_COMMA = YES;
				CLANG_WARN_CONSTANT_CONVERSION = YES;
				CLANG_WARN_DEPRECATED_OBJC_IMPLEMENTATIONS = YES;
				CLANG_WARN_DIRECT_OBJC_ISA_USAGE = YES_ERROR;
				CLANG_WARN_DOCUMENTATION_COMMENTS = YES;
				CLANG_WARN_EMPTY_BODY = YES;
				CLANG_WARN_ENUM_CONVERSION = YES;
				CLANG_WARN_INFINITE_RECURSION = YES;
				CLANG_WARN_INT_CONVERSION = YES;
				CLANG_WARN_NON_LITERAL_NULL_CONVERSION = YES;
				CLANG_WARN_OBJC_IMPLICIT_RETAIN_SELF = YES;
				CLANG_WARN_OBJC_LITERAL_CONVERSION = YES;
				CLANG_WARN_OBJC_ROOT_CLASS = YES_ERROR;
				CLANG_WARN_QUOTED_INCLUDE_IN_FRAMEWORK_HEADER = YES;
				CLANG_WARN_RANGE_LOOP_ANALYSIS = YES;
				CLANG_WARN_STRICT_PROTOTYPES = YES;
				CLANG_WARN_SUSPICIOUS_MOVE = YES;
				CLANG_WARN_UNGUARDED_AVAILABILITY = YES_AGGRESSIVE;
				CLANG_WARN_UNREACHABLE_CODE = YES;
				CLANG_WARN__DUPLICATE_METHOD_MATCH = YES;
				COPY_PHASE_STRIP = NO;
				DEBUG_INFORMATION_FORMAT = "dwarf-with-dsym";
				ENABLE_NS_ASSERTIONS = NO;
				ENABLE_STRICT_OBJC_MSGSEND = YES;
				GCC_C_LANGUAGE_STANDARD = gnu11;
				GCC_NO_COMMON_BLOCKS = YES;
				GCC_WARN_64_TO_32_BIT_CONVERSION = YES;
				GCC_WARN_ABOUT_RETURN_TYPE = YES_ERROR;
				GCC_WARN_UNDECLARED_SELECTOR = YES;
				GCC_WARN_UNINITIALIZED_AUTOS = YES_AGGRESSIVE;
				GCC_WARN_UNUSED_FUNCTION = YES;
				GCC_WARN_UNUSED_VARIABLE = YES;
				IPHONEOS_DEPLOYMENT_TARGET = 15.0;
				MTL_ENABLE_DEBUG_INFO = NO;
				MTL_FAST_MATH = YES;
				SDKROOT = iphoneos;
				SWIFT_COMPILATION_MODE = wholemodule;
				SWIFT_OPTIMIZATION_LEVEL = "-O";
				VALIDATE_PRODUCT = YES;
			};
			name = Release;
		};
		66302A4B2766D899003FC4A2 /* Debug */ = {
			isa = XCBuildConfiguration;
			buildSettings = {
				ASSETCATALOG_COMPILER_APPICON_NAME = AppIcon;
				ASSETCATALOG_COMPILER_GLOBAL_ACCENT_COLOR_NAME = AccentColor;
				CODE_SIGN_STYLE = Automatic;
				CURRENT_PROJECT_VERSION = 1;
				DEVELOPMENT_ASSET_PATHS = "\"Sharav Design App/Preview Content\"";
				DEVELOPMENT_TEAM = M968YV4J8W;
				ENABLE_PREVIEWS = YES;
				GENERATE_INFOPLIST_FILE = YES;
				INFOPLIST_KEY_NSCameraUsageDescription = "";
				INFOPLIST_KEY_UIApplicationSupportsIndirectInputEvents = YES;
				INFOPLIST_KEY_UILaunchScreen_Generation = YES;
				INFOPLIST_KEY_UIRequiredDeviceCapabilities = arkit;
				INFOPLIST_KEY_UIStatusBarHidden = YES;
				INFOPLIST_KEY_UISupportedInterfaceOrientations_iPad = "UIInterfaceOrientationPortrait UIInterfaceOrientationPortraitUpsideDown UIInterfaceOrientationLandscapeLeft UIInterfaceOrientationLandscapeRight";
				INFOPLIST_KEY_UISupportedInterfaceOrientations_iPhone = "UIInterfaceOrientationPortrait UIInterfaceOrientationLandscapeLeft UIInterfaceOrientationLandscapeRight";
				LD_RUNPATH_SEARCH_PATHS = (
					"$(inherited)",
					"@executable_path/Frameworks",
				);
				MARKETING_VERSION = 1.0;
				PRODUCT_BUNDLE_IDENTIFIER = "BambouTech.Sharav-Design-App";
				PRODUCT_NAME = "$(TARGET_NAME)";
				SWIFT_EMIT_LOC_STRINGS = YES;
				SWIFT_VERSION = 5.0;
				TARGETED_DEVICE_FAMILY = "1,2";
			};
			name = Debug;
		};
		66302A4C2766D899003FC4A2 /* Release */ = {
			isa = XCBuildConfiguration;
			buildSettings = {
				ASSETCATALOG_COMPILER_APPICON_NAME = AppIcon;
				ASSETCATALOG_COMPILER_GLOBAL_ACCENT_COLOR_NAME = AccentColor;
				CODE_SIGN_STYLE = Automatic;
				CURRENT_PROJECT_VERSION = 1;
				DEVELOPMENT_ASSET_PATHS = "\"Sharav Design App/Preview Content\"";
				DEVELOPMENT_TEAM = M968YV4J8W;
				ENABLE_PREVIEWS = YES;
				GENERATE_INFOPLIST_FILE = YES;
				INFOPLIST_KEY_NSCameraUsageDescription = "";
				INFOPLIST_KEY_UIApplicationSupportsIndirectInputEvents = YES;
				INFOPLIST_KEY_UILaunchScreen_Generation = YES;
				INFOPLIST_KEY_UIRequiredDeviceCapabilities = arkit;
				INFOPLIST_KEY_UIStatusBarHidden = YES;
				INFOPLIST_KEY_UISupportedInterfaceOrientations_iPad = "UIInterfaceOrientationPortrait UIInterfaceOrientationPortraitUpsideDown UIInterfaceOrientationLandscapeLeft UIInterfaceOrientationLandscapeRight";
				INFOPLIST_KEY_UISupportedInterfaceOrientations_iPhone = "UIInterfaceOrientationPortrait UIInterfaceOrientationLandscapeLeft UIInterfaceOrientationLandscapeRight";
				LD_RUNPATH_SEARCH_PATHS = (
					"$(inherited)",
					"@executable_path/Frameworks",
				);
				MARKETING_VERSION = 1.0;
				PRODUCT_BUNDLE_IDENTIFIER = "BambouTech.Sharav-Design-App";
				PRODUCT_NAME = "$(TARGET_NAME)";
				SWIFT_EMIT_LOC_STRINGS = YES;
				SWIFT_VERSION = 5.0;
				TARGETED_DEVICE_FAMILY = "1,2";
			};
			name = Release;
		};
		66302A4E2766D899003FC4A2 /* Debug */ = {
			isa = XCBuildConfiguration;
			buildSettings = {
				ALWAYS_EMBED_SWIFT_STANDARD_LIBRARIES = YES;
				BUNDLE_LOADER = "$(TEST_HOST)";
				CODE_SIGN_STYLE = Automatic;
				CURRENT_PROJECT_VERSION = 1;
				DEVELOPMENT_TEAM = M968YV4J8W;
				GENERATE_INFOPLIST_FILE = YES;
				IPHONEOS_DEPLOYMENT_TARGET = 15.0;
				LD_RUNPATH_SEARCH_PATHS = (
					"$(inherited)",
					"@executable_path/Frameworks",
					"@loader_path/Frameworks",
				);
				MARKETING_VERSION = 1.0;
				PRODUCT_BUNDLE_IDENTIFIER = "BambouTech.Sharav-Design-AppTests";
				PRODUCT_NAME = "$(TARGET_NAME)";
				SWIFT_EMIT_LOC_STRINGS = NO;
				SWIFT_VERSION = 5.0;
				TARGETED_DEVICE_FAMILY = "1,2";
				TEST_HOST = "$(BUILT_PRODUCTS_DIR)/Sharav Design App.app/Sharav Design App";
			};
			name = Debug;
		};
		66302A4F2766D899003FC4A2 /* Release */ = {
			isa = XCBuildConfiguration;
			buildSettings = {
				ALWAYS_EMBED_SWIFT_STANDARD_LIBRARIES = YES;
				BUNDLE_LOADER = "$(TEST_HOST)";
				CODE_SIGN_STYLE = Automatic;
				CURRENT_PROJECT_VERSION = 1;
				DEVELOPMENT_TEAM = M968YV4J8W;
				GENERATE_INFOPLIST_FILE = YES;
				IPHONEOS_DEPLOYMENT_TARGET = 15.0;
				LD_RUNPATH_SEARCH_PATHS = (
					"$(inherited)",
					"@executable_path/Frameworks",
					"@loader_path/Frameworks",
				);
				MARKETING_VERSION = 1.0;
				PRODUCT_BUNDLE_IDENTIFIER = "BambouTech.Sharav-Design-AppTests";
				PRODUCT_NAME = "$(TARGET_NAME)";
				SWIFT_EMIT_LOC_STRINGS = NO;
				SWIFT_VERSION = 5.0;
				TARGETED_DEVICE_FAMILY = "1,2";
				TEST_HOST = "$(BUILT_PRODUCTS_DIR)/Sharav Design App.app/Sharav Design App";
			};
			name = Release;
		};
		66302A512766D899003FC4A2 /* Debug */ = {
			isa = XCBuildConfiguration;
			buildSettings = {
				ALWAYS_EMBED_SWIFT_STANDARD_LIBRARIES = YES;
				CODE_SIGN_STYLE = Automatic;
				CURRENT_PROJECT_VERSION = 1;
				DEVELOPMENT_TEAM = M968YV4J8W;
				GENERATE_INFOPLIST_FILE = YES;
				LD_RUNPATH_SEARCH_PATHS = (
					"$(inherited)",
					"@executable_path/Frameworks",
					"@loader_path/Frameworks",
				);
				MARKETING_VERSION = 1.0;
				PRODUCT_BUNDLE_IDENTIFIER = "BambouTech.Sharav-Design-AppUITests";
				PRODUCT_NAME = "$(TARGET_NAME)";
				SWIFT_EMIT_LOC_STRINGS = NO;
				SWIFT_VERSION = 5.0;
				TARGETED_DEVICE_FAMILY = "1,2";
				TEST_TARGET_NAME = "Sharav Design App";
			};
			name = Debug;
		};
		66302A522766D899003FC4A2 /* Release */ = {
			isa = XCBuildConfiguration;
			buildSettings = {
				ALWAYS_EMBED_SWIFT_STANDARD_LIBRARIES = YES;
				CODE_SIGN_STYLE = Automatic;
				CURRENT_PROJECT_VERSION = 1;
				DEVELOPMENT_TEAM = M968YV4J8W;
				GENERATE_INFOPLIST_FILE = YES;
				LD_RUNPATH_SEARCH_PATHS = (
					"$(inherited)",
					"@executable_path/Frameworks",
					"@loader_path/Frameworks",
				);
				MARKETING_VERSION = 1.0;
				PRODUCT_BUNDLE_IDENTIFIER = "BambouTech.Sharav-Design-AppUITests";
				PRODUCT_NAME = "$(TARGET_NAME)";
				SWIFT_EMIT_LOC_STRINGS = NO;
				SWIFT_VERSION = 5.0;
				TARGETED_DEVICE_FAMILY = "1,2";
				TEST_TARGET_NAME = "Sharav Design App";
			};
			name = Release;
		};
/* End XCBuildConfiguration section */

/* Begin XCConfigurationList section */
		66302A1F2766D898003FC4A2 /* Build configuration list for PBXProject "Sharav Design App" */ = {
			isa = XCConfigurationList;
			buildConfigurations = (
				66302A482766D899003FC4A2 /* Debug */,
				66302A492766D899003FC4A2 /* Release */,
			);
			defaultConfigurationIsVisible = 0;
			defaultConfigurationName = Release;
		};
		66302A4A2766D899003FC4A2 /* Build configuration list for PBXNativeTarget "Sharav Design App" */ = {
			isa = XCConfigurationList;
			buildConfigurations = (
				66302A4B2766D899003FC4A2 /* Debug */,
				66302A4C2766D899003FC4A2 /* Release */,
			);
			defaultConfigurationIsVisible = 0;
			defaultConfigurationName = Release;
		};
		66302A4D2766D899003FC4A2 /* Build configuration list for PBXNativeTarget "Sharav Design AppTests" */ = {
			isa = XCConfigurationList;
			buildConfigurations = (
				66302A4E2766D899003FC4A2 /* Debug */,
				66302A4F2766D899003FC4A2 /* Release */,
			);
			defaultConfigurationIsVisible = 0;
			defaultConfigurationName = Release;
		};
		66302A502766D899003FC4A2 /* Build configuration list for PBXNativeTarget "Sharav Design AppUITests" */ = {
			isa = XCConfigurationList;
			buildConfigurations = (
				66302A512766D899003FC4A2 /* Debug */,
				66302A522766D899003FC4A2 /* Release */,
			);
			defaultConfigurationIsVisible = 0;
			defaultConfigurationName = Release;
		};
/* End XCConfigurationList section */
	};
	rootObject = 66302A1C2766D898003FC4A2 /* Project object */;
}
